
Microsoft Visual Studio Solution File, Format Version 12.00
# Visual Studio Version 17
VisualStudioVersion = 17.6.33801.468
MinimumVisualStudioVersion = 10.0.40219.1
Project("{FAE04EC0-301F-11D3-BF4B-00C04F79EFBC}") = "User Family", "User Family.csproj", "{0A96B2F0-45D5-4BA6-BB73-9209B483527E}"
EndProject
Global
	GlobalSection(SolutionConfigurationPlatforms) = preSolution
		Debug|Any CPU = Debug|Any CPU
		Release|Any CPU = Release|Any CPU
	EndGlobalSection
	GlobalSection(ProjectConfigurationPlatforms) = postSolution
		{0A96B2F0-45D5-4BA6-BB73-9209B483527E}.Debug|Any CPU.ActiveCfg = Debug|Any CPU
		{0A96B2F0-45D5-4BA6-BB73-9209B483527E}.Debug|Any CPU.Build.0 = Debug|Any CPU
		{0A96B2F0-45D5-4BA6-BB73-9209B483527E}.Release|Any CPU.ActiveCfg = Release|Any CPU
		{0A96B2F0-45D5-4BA6-BB73-9209B483527E}.Release|Any CPU.Build.0 = Release|Any CPU
	EndGlobalSection
	GlobalSection(SolutionProperties) = preSolution
		HideSolutionNode = FALSE
	EndGlobalSection
	GlobalSection(ExtensibilityGlobals) = postSolution
		SolutionGuid = {75F7B5D3-431F-43CE-A6E0-28B4E8604CB1}
	EndGlobalSection
EndGlobal
